// !$*UTF8*$!
{
	archiveVersion = 1;
	classes = {
	};
	objectVersion = 46;
	objects = {

/* Begin PBXBuildFile section */
		05243FB4C3864A83BBB5C316 /* SFProDisplay-Regular.otf in Resources */ = {isa = PBXBuildFile; fileRef = 5A89FC61975E43E39FECD72C /* SFProDisplay-Regular.otf */; };
		05B5740B10DE4127AE1DB18B /* SFMono-Medium.otf in Resources */ = {isa = PBXBuildFile; fileRef = CB884B8F5D2943FDB34ED489 /* SFMono-Medium.otf */; };
		08A9A011DB8A4A0C8E2A1B15 /* SFProDisplay-Medium.otf in Resources */ = {isa = PBXBuildFile; fileRef = 362789EB1681496DBC45287B /* SFProDisplay-Medium.otf */; };
		13B07FBC1A68108700A75B9A /* AppDelegate.m in Sources */ = {isa = PBXBuildFile; fileRef = 13B07FB01A68108700A75B9A /* AppDelegate.m */; };
		13B07FBD1A68108700A75B9A /* LaunchScreen.xib in Resources */ = {isa = PBXBuildFile; fileRef = 13B07FB11A68108700A75B9A /* LaunchScreen.xib */; };
		13B07FBF1A68108700A75B9A /* Images.xcassets in Resources */ = {isa = PBXBuildFile; fileRef = 13B07FB51A68108700A75B9A /* Images.xcassets */; };
		13B07FC11A68108700A75B9A /* main.m in Sources */ = {isa = PBXBuildFile; fileRef = 13B07FB71A68108700A75B9A /* main.m */; };
		15A0F671F083433F98421E2D /* SFMono-Regular.otf in Resources */ = {isa = PBXBuildFile; fileRef = E6C739587DCE45C7A4DCCCDE /* SFMono-Regular.otf */; };
		1EC2DD9A272D4664B6BCEEC1 /* SFProDisplay-HeavyItalic.otf in Resources */ = {isa = PBXBuildFile; fileRef = 8824A823DE8A4449BDD4C16E /* SFProDisplay-HeavyItalic.otf */; };
		37879A91078F4F69B6CA2D68 /* SFProDisplay-Heavy.otf in Resources */ = {isa = PBXBuildFile; fileRef = 4253B58A164E49A190EF3F84 /* SFProDisplay-Heavy.otf */; };
		61420E3ED11AB8F5DEB402A1 /* libPods-tiltClient.a in Frameworks */ = {isa = PBXBuildFile; fileRef = 9FE41F27A477F8E138AEE07C /* libPods-tiltClient.a */; };
		63324AA1235C9101008EBE35 /* GoogleService-Info.plist in Resources */ = {isa = PBXBuildFile; fileRef = 63324AA0235C9101008EBE35 /* GoogleService-Info.plist */; };
		63324AA4235C91A5008EBE35 /* File.swift in Sources */ = {isa = PBXBuildFile; fileRef = 63324AA3235C91A5008EBE35 /* File.swift */; };
		66948CE05B63412AA86E8B43 /* SFProDisplay-BoldItalic.otf in Resources */ = {isa = PBXBuildFile; fileRef = D404C1ACD7F948B3AAC7B329 /* SFProDisplay-BoldItalic.otf */; };
		6CDE276576064535A8B73561 /* SFProDisplayMedium.otf in Resources */ = {isa = PBXBuildFile; fileRef = 91353FE7CDB54AA0A7BFA959 /* SFProDisplayMedium.otf */; };
		714D781393DD45A3830FEDF0 /* SFProDisplay-Light.otf in Resources */ = {isa = PBXBuildFile; fileRef = 6B579FBEE053477B89826066 /* SFProDisplay-Light.otf */; };
		7B94CD3C12C041958F4F09D9 /* SFProDisplayBlackItalic.otf in Resources */ = {isa = PBXBuildFile; fileRef = E7C5D3D34CCD4919923A88DC /* SFProDisplayBlackItalic.otf */; };
		80ACF5D6799C44D59392AE2E /* SFProDisplay-Bold.otf in Resources */ = {isa = PBXBuildFile; fileRef = 15DDF4DEE9BA4340A45E5283 /* SFProDisplay-Bold.otf */; };
		A12F6CB36DD140019F1D3571 /* SFProDisplay-Black.otf in Resources */ = {isa = PBXBuildFile; fileRef = 08A8FE1CCFAE467DB19CA5C5 /* SFProDisplay-Black.otf */; };
		B151788F521E4AA0BC8E8F0E /* SFProDisplay-Semibold.otf in Resources */ = {isa = PBXBuildFile; fileRef = 68C429A97D7A4DB1AD390925 /* SFProDisplay-Semibold.otf */; };
		BE2B5BEDC9434E539615FC9C /* SF-Pro-Display-Medium.otf in Resources */ = {isa = PBXBuildFile; fileRef = FF2F7C02CBCE4B0FBF5958C0 /* SF-Pro-Display-Medium.otf */; };
		C0D87261F95B48DE900B467C /* SFProDisplay-LightItalic.otf in Resources */ = {isa = PBXBuildFile; fileRef = FCE4DC2884754D6D8AACE349 /* SFProDisplay-LightItalic.otf */; };
		DC52BAAAFB364EE7B82A8386 /* SFProDisplay-Italic.otf in Resources */ = {isa = PBXBuildFile; fileRef = FEE9404EA4E34EB1BD9A309E /* SFProDisplay-Italic.otf */; };
		E0B3A60A194448E3B3DA65FE /* Orbitron-Medium.ttf in Resources */ = {isa = PBXBuildFile; fileRef = 0391B61E07E643CC856C00E7 /* Orbitron-Medium.ttf */; };
		F9157A0D18C746F3B6700CC4 /* vnThufap.ttf in Resources */ = {isa = PBXBuildFile; fileRef = 9EFDD25E0A9949D493A98F82 /* vnThufap.ttf */; };
/* End PBXBuildFile section */

/* Begin PBXFileReference section */
		008F07F21AC5B25A0029DE68 /* main.jsbundle */ = {isa = PBXFileReference; fileEncoding = 4; lastKnownFileType = text; path = main.jsbundle; sourceTree = "<group>"; };
		00E356F11AD99517003FC87E /* Info.plist */ = {isa = PBXFileReference; lastKnownFileType = text.plist.xml; path = Info.plist; sourceTree = "<group>"; };
		00E356F21AD99517003FC87E /* tiltClientTests.m */ = {isa = PBXFileReference; lastKnownFileType = sourcecode.c.objc; path = tiltClientTests.m; sourceTree = "<group>"; };
		0391B61E07E643CC856C00E7 /* Orbitron-Medium.ttf */ = {isa = PBXFileReference; explicitFileType = undefined; fileEncoding = 9; includeInIndex = 0; lastKnownFileType = unknown; name = "Orbitron-Medium.ttf"; path = "../assets/fonts/Orbitron-Medium.ttf"; sourceTree = "<group>"; };
		08A8FE1CCFAE467DB19CA5C5 /* SFProDisplay-Black.otf */ = {isa = PBXFileReference; explicitFileType = undefined; fileEncoding = 9; includeInIndex = 0; lastKnownFileType = unknown; name = "SFProDisplay-Black.otf"; path = "../assets/fonts/SFProDisplay-Black.otf"; sourceTree = "<group>"; };
		09FD4C4E0B1339484EE3712A /* Pods-tiltClient.release.xcconfig */ = {isa = PBXFileReference; includeInIndex = 1; lastKnownFileType = text.xcconfig; name = "Pods-tiltClient.release.xcconfig"; path = "Target Support Files/Pods-tiltClient/Pods-tiltClient.release.xcconfig"; sourceTree = "<group>"; };
		0DE3C5F122D525431779858B /* Pods-tiltClient-tvOS.debug.xcconfig */ = {isa = PBXFileReference; includeInIndex = 1; lastKnownFileType = text.xcconfig; name = "Pods-tiltClient-tvOS.debug.xcconfig"; path = "Target Support Files/Pods-tiltClient-tvOS/Pods-tiltClient-tvOS.debug.xcconfig"; sourceTree = "<group>"; };
		13B07F961A680F5B00A75B9A /* tiltClient.app */ = {isa = PBXFileReference; explicitFileType = wrapper.application; includeInIndex = 0; path = tiltClient.app; sourceTree = BUILT_PRODUCTS_DIR; };
		13B07FAF1A68108700A75B9A /* AppDelegate.h */ = {isa = PBXFileReference; fileEncoding = 4; lastKnownFileType = sourcecode.c.h; name = AppDelegate.h; path = tiltClient/AppDelegate.h; sourceTree = "<group>"; };
		13B07FB01A68108700A75B9A /* AppDelegate.m */ = {isa = PBXFileReference; fileEncoding = 4; lastKnownFileType = sourcecode.c.objc; name = AppDelegate.m; path = tiltClient/AppDelegate.m; sourceTree = "<group>"; };
		13B07FB21A68108700A75B9A /* Base */ = {isa = PBXFileReference; lastKnownFileType = file.xib; name = Base; path = Base.lproj/LaunchScreen.xib; sourceTree = "<group>"; };
		13B07FB51A68108700A75B9A /* Images.xcassets */ = {isa = PBXFileReference; lastKnownFileType = folder.assetcatalog; name = Images.xcassets; path = tiltClient/Images.xcassets; sourceTree = "<group>"; };
		13B07FB61A68108700A75B9A /* Info.plist */ = {isa = PBXFileReference; fileEncoding = 4; lastKnownFileType = text.plist.xml; name = Info.plist; path = tiltClient/Info.plist; sourceTree = "<group>"; };
		13B07FB71A68108700A75B9A /* main.m */ = {isa = PBXFileReference; fileEncoding = 4; lastKnownFileType = sourcecode.c.objc; name = main.m; path = tiltClient/main.m; sourceTree = "<group>"; };
		15DDF4DEE9BA4340A45E5283 /* SFProDisplay-Bold.otf */ = {isa = PBXFileReference; explicitFileType = undefined; fileEncoding = 9; includeInIndex = 0; lastKnownFileType = unknown; name = "SFProDisplay-Bold.otf"; path = "../assets/fonts/SFProDisplay-Bold.otf"; sourceTree = "<group>"; };
		182538E3B189225D369F4F5A /* Pods-tiltClient-tvOSTests.release.xcconfig */ = {isa = PBXFileReference; includeInIndex = 1; lastKnownFileType = text.xcconfig; name = "Pods-tiltClient-tvOSTests.release.xcconfig"; path = "Target Support Files/Pods-tiltClient-tvOSTests/Pods-tiltClient-tvOSTests.release.xcconfig"; sourceTree = "<group>"; };
		2C22793E635E0E0EF0D7381D /* libPods-tiltClientTests.a */ = {isa = PBXFileReference; explicitFileType = archive.ar; includeInIndex = 0; path = "libPods-tiltClientTests.a"; sourceTree = BUILT_PRODUCTS_DIR; };
		2F824F173249686A7357552D /* Pods-tiltClientTests.release.xcconfig */ = {isa = PBXFileReference; includeInIndex = 1; lastKnownFileType = text.xcconfig; name = "Pods-tiltClientTests.release.xcconfig"; path = "Target Support Files/Pods-tiltClientTests/Pods-tiltClientTests.release.xcconfig"; sourceTree = "<group>"; };
		362789EB1681496DBC45287B /* SFProDisplay-Medium.otf */ = {isa = PBXFileReference; explicitFileType = undefined; fileEncoding = 9; includeInIndex = 0; lastKnownFileType = unknown; name = "SFProDisplay-Medium.otf"; path = "../assets/fonts/SFProDisplay-Medium.otf"; sourceTree = "<group>"; };
		4253B58A164E49A190EF3F84 /* SFProDisplay-Heavy.otf */ = {isa = PBXFileReference; explicitFileType = undefined; fileEncoding = 9; includeInIndex = 0; lastKnownFileType = unknown; name = "SFProDisplay-Heavy.otf"; path = "../assets/fonts/SFProDisplay-Heavy.otf"; sourceTree = "<group>"; };
		5A89FC61975E43E39FECD72C /* SFProDisplay-Regular.otf */ = {isa = PBXFileReference; explicitFileType = undefined; fileEncoding = 9; includeInIndex = 0; lastKnownFileType = unknown; name = "SFProDisplay-Regular.otf"; path = "../assets/fonts/SFProDisplay-Regular.otf"; sourceTree = "<group>"; };
		63324AA0235C9101008EBE35 /* GoogleService-Info.plist */ = {isa = PBXFileReference; fileEncoding = 4; lastKnownFileType = text.plist.xml; path = "GoogleService-Info.plist"; sourceTree = "<group>"; };
		63324AA2235C91A5008EBE35 /* tiltClient-Bridging-Header.h */ = {isa = PBXFileReference; lastKnownFileType = sourcecode.c.h; path = "tiltClient-Bridging-Header.h"; sourceTree = "<group>"; };
		63324AA3235C91A5008EBE35 /* File.swift */ = {isa = PBXFileReference; lastKnownFileType = sourcecode.swift; path = File.swift; sourceTree = "<group>"; };
		68C429A97D7A4DB1AD390925 /* SFProDisplay-Semibold.otf */ = {isa = PBXFileReference; explicitFileType = undefined; fileEncoding = 9; includeInIndex = 0; lastKnownFileType = unknown; name = "SFProDisplay-Semibold.otf"; path = "../assets/fonts/SFProDisplay-Semibold.otf"; sourceTree = "<group>"; };
		68E6C13E37A3E2DE3C42E1EC /* Pods-tiltClient-tvOSTests.debug.xcconfig */ = {isa = PBXFileReference; includeInIndex = 1; lastKnownFileType = text.xcconfig; name = "Pods-tiltClient-tvOSTests.debug.xcconfig"; path = "Target Support Files/Pods-tiltClient-tvOSTests/Pods-tiltClient-tvOSTests.debug.xcconfig"; sourceTree = "<group>"; };
		6B579FBEE053477B89826066 /* SFProDisplay-Light.otf */ = {isa = PBXFileReference; explicitFileType = undefined; fileEncoding = 9; includeInIndex = 0; lastKnownFileType = unknown; name = "SFProDisplay-Light.otf"; path = "../assets/fonts/SFProDisplay-Light.otf"; sourceTree = "<group>"; };
		739E0AA197459437E8A91D86 /* Pods-tiltClient-tvOS.release.xcconfig */ = {isa = PBXFileReference; includeInIndex = 1; lastKnownFileType = text.xcconfig; name = "Pods-tiltClient-tvOS.release.xcconfig"; path = "Target Support Files/Pods-tiltClient-tvOS/Pods-tiltClient-tvOS.release.xcconfig"; sourceTree = "<group>"; };
		8824A823DE8A4449BDD4C16E /* SFProDisplay-HeavyItalic.otf */ = {isa = PBXFileReference; explicitFileType = undefined; fileEncoding = 9; includeInIndex = 0; lastKnownFileType = unknown; name = "SFProDisplay-HeavyItalic.otf"; path = "../assets/fonts/SFProDisplay-HeavyItalic.otf"; sourceTree = "<group>"; };
		91353FE7CDB54AA0A7BFA959 /* SFProDisplayMedium.otf */ = {isa = PBXFileReference; explicitFileType = undefined; fileEncoding = 9; includeInIndex = 0; lastKnownFileType = unknown; name = SFProDisplayMedium.otf; path = ../assets/fonts/SFProDisplayMedium.otf; sourceTree = "<group>"; };
		9B04B1490C1D7BAB3D729BD6 /* Pods-tiltClient.debug.xcconfig */ = {isa = PBXFileReference; includeInIndex = 1; lastKnownFileType = text.xcconfig; name = "Pods-tiltClient.debug.xcconfig"; path = "Target Support Files/Pods-tiltClient/Pods-tiltClient.debug.xcconfig"; sourceTree = "<group>"; };
		9EFDD25E0A9949D493A98F82 /* vnThufap.ttf */ = {isa = PBXFileReference; explicitFileType = undefined; fileEncoding = 9; includeInIndex = 0; lastKnownFileType = unknown; name = vnThufap.ttf; path = ../assets/fonts/vnThufap.ttf; sourceTree = "<group>"; };
		9FE41F27A477F8E138AEE07C /* libPods-tiltClient.a */ = {isa = PBXFileReference; explicitFileType = archive.ar; includeInIndex = 0; path = "libPods-tiltClient.a"; sourceTree = BUILT_PRODUCTS_DIR; };
		A9F6E912A6C6C33467E10B55 /* libPods-tiltClient-tvOS.a */ = {isa = PBXFileReference; explicitFileType = archive.ar; includeInIndex = 0; path = "libPods-tiltClient-tvOS.a"; sourceTree = BUILT_PRODUCTS_DIR; };
		C5F0BBEB4E88F6BB7EC253C1 /* libPods-tiltClient-tvOSTests.a */ = {isa = PBXFileReference; explicitFileType = archive.ar; includeInIndex = 0; path = "libPods-tiltClient-tvOSTests.a"; sourceTree = BUILT_PRODUCTS_DIR; };
		CB884B8F5D2943FDB34ED489 /* SFMono-Medium.otf */ = {isa = PBXFileReference; explicitFileType = undefined; fileEncoding = 9; includeInIndex = 0; lastKnownFileType = unknown; name = "SFMono-Medium.otf"; path = "../assets/fonts/SFMono-Medium.otf"; sourceTree = "<group>"; };
		D404C1ACD7F948B3AAC7B329 /* SFProDisplay-BoldItalic.otf */ = {isa = PBXFileReference; explicitFileType = undefined; fileEncoding = 9; includeInIndex = 0; lastKnownFileType = unknown; name = "SFProDisplay-BoldItalic.otf"; path = "../assets/fonts/SFProDisplay-BoldItalic.otf"; sourceTree = "<group>"; };
		E6C739587DCE45C7A4DCCCDE /* SFMono-Regular.otf */ = {isa = PBXFileReference; explicitFileType = undefined; fileEncoding = 9; includeInIndex = 0; lastKnownFileType = unknown; name = "SFMono-Regular.otf"; path = "../assets/fonts/SFMono-Regular.otf"; sourceTree = "<group>"; };
		E7C5D3D34CCD4919923A88DC /* SFProDisplayBlackItalic.otf */ = {isa = PBXFileReference; explicitFileType = undefined; fileEncoding = 9; includeInIndex = 0; lastKnownFileType = unknown; name = SFProDisplayBlackItalic.otf; path = ../assets/fonts/SFProDisplayBlackItalic.otf; sourceTree = "<group>"; };
		ED297162215061F000B7C4FE /* JavaScriptCore.framework */ = {isa = PBXFileReference; lastKnownFileType = wrapper.framework; name = JavaScriptCore.framework; path = System/Library/Frameworks/JavaScriptCore.framework; sourceTree = SDKROOT; };
		ED2971642150620600B7C4FE /* JavaScriptCore.framework */ = {isa = PBXFileReference; lastKnownFileType = wrapper.framework; name = JavaScriptCore.framework; path = Platforms/AppleTVOS.platform/Developer/SDKs/AppleTVOS12.0.sdk/System/Library/Frameworks/JavaScriptCore.framework; sourceTree = DEVELOPER_DIR; };
		F2D73F235C8C18739FBDE835 /* Pods-tiltClientTests.debug.xcconfig */ = {isa = PBXFileReference; includeInIndex = 1; lastKnownFileType = text.xcconfig; name = "Pods-tiltClientTests.debug.xcconfig"; path = "Target Support Files/Pods-tiltClientTests/Pods-tiltClientTests.debug.xcconfig"; sourceTree = "<group>"; };
		FCE4DC2884754D6D8AACE349 /* SFProDisplay-LightItalic.otf */ = {isa = PBXFileReference; explicitFileType = undefined; fileEncoding = 9; includeInIndex = 0; lastKnownFileType = unknown; name = "SFProDisplay-LightItalic.otf"; path = "../assets/fonts/SFProDisplay-LightItalic.otf"; sourceTree = "<group>"; };
		FEE9404EA4E34EB1BD9A309E /* SFProDisplay-Italic.otf */ = {isa = PBXFileReference; explicitFileType = undefined; fileEncoding = 9; includeInIndex = 0; lastKnownFileType = unknown; name = "SFProDisplay-Italic.otf"; path = "../assets/fonts/SFProDisplay-Italic.otf"; sourceTree = "<group>"; };
		FF2F7C02CBCE4B0FBF5958C0 /* SF-Pro-Display-Medium.otf */ = {isa = PBXFileReference; explicitFileType = undefined; fileEncoding = 9; includeInIndex = 0; lastKnownFileType = unknown; name = "SF-Pro-Display-Medium.otf"; path = "../assets/fonts/SF-Pro-Display-Medium.otf"; sourceTree = "<group>"; };
/* End PBXFileReference section */

/* Begin PBXFrameworksBuildPhase section */
		13B07F8C1A680F5B00A75B9A /* Frameworks */ = {
			isa = PBXFrameworksBuildPhase;
			buildActionMask = 2147483647;
			files = (
				61420E3ED11AB8F5DEB402A1 /* libPods-tiltClient.a in Frameworks */,
			);
			runOnlyForDeploymentPostprocessing = 0;
		};
/* End PBXFrameworksBuildPhase section */

/* Begin PBXGroup section */
		00E356EF1AD99517003FC87E /* tiltClientTests */ = {
			isa = PBXGroup;
			children = (
				00E356F21AD99517003FC87E /* tiltClientTests.m */,
				00E356F01AD99517003FC87E /* Supporting Files */,
			);
			path = tiltClientTests;
			sourceTree = "<group>";
		};
		00E356F01AD99517003FC87E /* Supporting Files */ = {
			isa = PBXGroup;
			children = (
				00E356F11AD99517003FC87E /* Info.plist */,
			);
			name = "Supporting Files";
			sourceTree = "<group>";
		};
		13B07FAE1A68108700A75B9A /* tiltClient */ = {
			isa = PBXGroup;
			children = (
				63324AA0235C9101008EBE35 /* GoogleService-Info.plist */,
				008F07F21AC5B25A0029DE68 /* main.jsbundle */,
				13B07FAF1A68108700A75B9A /* AppDelegate.h */,
				13B07FB01A68108700A75B9A /* AppDelegate.m */,
				13B07FB51A68108700A75B9A /* Images.xcassets */,
				13B07FB61A68108700A75B9A /* Info.plist */,
				13B07FB11A68108700A75B9A /* LaunchScreen.xib */,
				13B07FB71A68108700A75B9A /* main.m */,
			);
			name = tiltClient;
			sourceTree = "<group>";
		};
		2D16E6871FA4F8E400B85C8A /* Frameworks */ = {
			isa = PBXGroup;
			children = (
				ED297162215061F000B7C4FE /* JavaScriptCore.framework */,
				ED2971642150620600B7C4FE /* JavaScriptCore.framework */,
				9FE41F27A477F8E138AEE07C /* libPods-tiltClient.a */,
				A9F6E912A6C6C33467E10B55 /* libPods-tiltClient-tvOS.a */,
				C5F0BBEB4E88F6BB7EC253C1 /* libPods-tiltClient-tvOSTests.a */,
				2C22793E635E0E0EF0D7381D /* libPods-tiltClientTests.a */,
			);
			name = Frameworks;
			sourceTree = "<group>";
		};
		832341AE1AAA6A7D00B99B32 /* Libraries */ = {
			isa = PBXGroup;
			children = (
			);
			name = Libraries;
			sourceTree = "<group>";
		};
		83CBB9F61A601CBA00E9B192 = {
			isa = PBXGroup;
			children = (
				63324AA3235C91A5008EBE35 /* File.swift */,
				13B07FAE1A68108700A75B9A /* tiltClient */,
				832341AE1AAA6A7D00B99B32 /* Libraries */,
				00E356EF1AD99517003FC87E /* tiltClientTests */,
				83CBBA001A601CBA00E9B192 /* Products */,
				2D16E6871FA4F8E400B85C8A /* Frameworks */,
				A871201E170E4AC092FF8163 /* Resources */,
				BF856CA54B5A2EAB8DB4BB30 /* Pods */,
				63324AA2235C91A5008EBE35 /* tiltClient-Bridging-Header.h */,
			);
			indentWidth = 2;
			sourceTree = "<group>";
			tabWidth = 2;
			usesTabs = 0;
		};
		83CBBA001A601CBA00E9B192 /* Products */ = {
			isa = PBXGroup;
			children = (
				13B07F961A680F5B00A75B9A /* tiltClient.app */,
			);
			name = Products;
			sourceTree = "<group>";
		};
		A871201E170E4AC092FF8163 /* Resources */ = {
			isa = PBXGroup;
			children = (
				0391B61E07E643CC856C00E7 /* Orbitron-Medium.ttf */,
				FF2F7C02CBCE4B0FBF5958C0 /* SF-Pro-Display-Medium.otf */,
				CB884B8F5D2943FDB34ED489 /* SFMono-Medium.otf */,
				E6C739587DCE45C7A4DCCCDE /* SFMono-Regular.otf */,
				08A8FE1CCFAE467DB19CA5C5 /* SFProDisplay-Black.otf */,
				15DDF4DEE9BA4340A45E5283 /* SFProDisplay-Bold.otf */,
				D404C1ACD7F948B3AAC7B329 /* SFProDisplay-BoldItalic.otf */,
				4253B58A164E49A190EF3F84 /* SFProDisplay-Heavy.otf */,
				8824A823DE8A4449BDD4C16E /* SFProDisplay-HeavyItalic.otf */,
				FEE9404EA4E34EB1BD9A309E /* SFProDisplay-Italic.otf */,
				6B579FBEE053477B89826066 /* SFProDisplay-Light.otf */,
				FCE4DC2884754D6D8AACE349 /* SFProDisplay-LightItalic.otf */,
				362789EB1681496DBC45287B /* SFProDisplay-Medium.otf */,
				5A89FC61975E43E39FECD72C /* SFProDisplay-Regular.otf */,
				68C429A97D7A4DB1AD390925 /* SFProDisplay-Semibold.otf */,
				E7C5D3D34CCD4919923A88DC /* SFProDisplayBlackItalic.otf */,
				91353FE7CDB54AA0A7BFA959 /* SFProDisplayMedium.otf */,
				9EFDD25E0A9949D493A98F82 /* vnThufap.ttf */,
			);
			name = Resources;
			sourceTree = "<group>";
		};
		BF856CA54B5A2EAB8DB4BB30 /* Pods */ = {
			isa = PBXGroup;
			children = (
				9B04B1490C1D7BAB3D729BD6 /* Pods-tiltClient.debug.xcconfig */,
				09FD4C4E0B1339484EE3712A /* Pods-tiltClient.release.xcconfig */,
				0DE3C5F122D525431779858B /* Pods-tiltClient-tvOS.debug.xcconfig */,
				739E0AA197459437E8A91D86 /* Pods-tiltClient-tvOS.release.xcconfig */,
				68E6C13E37A3E2DE3C42E1EC /* Pods-tiltClient-tvOSTests.debug.xcconfig */,
				182538E3B189225D369F4F5A /* Pods-tiltClient-tvOSTests.release.xcconfig */,
				F2D73F235C8C18739FBDE835 /* Pods-tiltClientTests.debug.xcconfig */,
				2F824F173249686A7357552D /* Pods-tiltClientTests.release.xcconfig */,
			);
			path = Pods;
			sourceTree = "<group>";
		};
/* End PBXGroup section */

/* Begin PBXNativeTarget section */
		13B07F861A680F5B00A75B9A /* tiltClient */ = {
			isa = PBXNativeTarget;
			buildConfigurationList = 13B07F931A680F5B00A75B9A /* Build configuration list for PBXNativeTarget "tiltClient" */;
			buildPhases = (
				56047BDB633781176E1A1554 /* [CP] Check Pods Manifest.lock */,
				FD10A7F022414F080027D42C /* Start Packager */,
				13B07F871A680F5B00A75B9A /* Sources */,
				13B07F8C1A680F5B00A75B9A /* Frameworks */,
				13B07F8E1A680F5B00A75B9A /* Resources */,
				00DD1BFF1BD5951E006B06BC /* Bundle React Native code and images */,
			);
			buildRules = (
			);
			dependencies = (
			);
			name = tiltClient;
			productName = tiltClient;
			productReference = 13B07F961A680F5B00A75B9A /* tiltClient.app */;
			productType = "com.apple.product-type.application";
		};
/* End PBXNativeTarget section */

/* Begin PBXProject section */
		83CBB9F71A601CBA00E9B192 /* Project object */ = {
			isa = PBXProject;
			attributes = {
				LastUpgradeCheck = 940;
				ORGANIZATIONNAME = Facebook;
				TargetAttributes = {
					13B07F861A680F5B00A75B9A = {
						DevelopmentTeam = 337DR93H6B;
						LastSwiftMigration = 1100;
					};
				};
			};
			buildConfigurationList = 83CBB9FA1A601CBA00E9B192 /* Build configuration list for PBXProject "tiltClient" */;
			compatibilityVersion = "Xcode 3.2";
			developmentRegion = English;
			hasScannedForEncodings = 0;
			knownRegions = (
				English,
				en,
				Base,
			);
			mainGroup = 83CBB9F61A601CBA00E9B192;
			productRefGroup = 83CBBA001A601CBA00E9B192 /* Products */;
			projectDirPath = "";
			projectRoot = "";
			targets = (
				13B07F861A680F5B00A75B9A /* tiltClient */,
			);
		};
/* End PBXProject section */

/* Begin PBXResourcesBuildPhase section */
		13B07F8E1A680F5B00A75B9A /* Resources */ = {
			isa = PBXResourcesBuildPhase;
			buildActionMask = 2147483647;
			files = (
				13B07FBF1A68108700A75B9A /* Images.xcassets in Resources */,
				13B07FBD1A68108700A75B9A /* LaunchScreen.xib in Resources */,
				E0B3A60A194448E3B3DA65FE /* Orbitron-Medium.ttf in Resources */,
				BE2B5BEDC9434E539615FC9C /* SF-Pro-Display-Medium.otf in Resources */,
				05B5740B10DE4127AE1DB18B /* SFMono-Medium.otf in Resources */,
				15A0F671F083433F98421E2D /* SFMono-Regular.otf in Resources */,
				A12F6CB36DD140019F1D3571 /* SFProDisplay-Black.otf in Resources */,
				80ACF5D6799C44D59392AE2E /* SFProDisplay-Bold.otf in Resources */,
				66948CE05B63412AA86E8B43 /* SFProDisplay-BoldItalic.otf in Resources */,
				37879A91078F4F69B6CA2D68 /* SFProDisplay-Heavy.otf in Resources */,
				1EC2DD9A272D4664B6BCEEC1 /* SFProDisplay-HeavyItalic.otf in Resources */,
				DC52BAAAFB364EE7B82A8386 /* SFProDisplay-Italic.otf in Resources */,
				714D781393DD45A3830FEDF0 /* SFProDisplay-Light.otf in Resources */,
				C0D87261F95B48DE900B467C /* SFProDisplay-LightItalic.otf in Resources */,
				08A9A011DB8A4A0C8E2A1B15 /* SFProDisplay-Medium.otf in Resources */,
				05243FB4C3864A83BBB5C316 /* SFProDisplay-Regular.otf in Resources */,
				B151788F521E4AA0BC8E8F0E /* SFProDisplay-Semibold.otf in Resources */,
				7B94CD3C12C041958F4F09D9 /* SFProDisplayBlackItalic.otf in Resources */,
				6CDE276576064535A8B73561 /* SFProDisplayMedium.otf in Resources */,
				F9157A0D18C746F3B6700CC4 /* vnThufap.ttf in Resources */,
				63324AA1235C9101008EBE35 /* GoogleService-Info.plist in Resources */,
			);
			runOnlyForDeploymentPostprocessing = 0;
		};
/* End PBXResourcesBuildPhase section */

/* Begin PBXShellScriptBuildPhase section */
		00DD1BFF1BD5951E006B06BC /* Bundle React Native code and images */ = {
			isa = PBXShellScriptBuildPhase;
			buildActionMask = 2147483647;
			files = (
			);
			inputPaths = (
			);
			name = "Bundle React Native code and images";
			outputPaths = (
			);
			runOnlyForDeploymentPostprocessing = 0;
			shellPath = /bin/sh;
			shellScript = "export NODE_BINARY=node\n../node_modules/react-native/scripts/react-native-xcode.sh";
		};
		56047BDB633781176E1A1554 /* [CP] Check Pods Manifest.lock */ = {
			isa = PBXShellScriptBuildPhase;
			buildActionMask = 2147483647;
			files = (
			);
			inputFileListPaths = (
			);
			inputPaths = (
				"${PODS_PODFILE_DIR_PATH}/Podfile.lock",
				"${PODS_ROOT}/Manifest.lock",
			);
			name = "[CP] Check Pods Manifest.lock";
			outputFileListPaths = (
			);
			outputPaths = (
				"$(DERIVED_FILE_DIR)/Pods-tiltClient-checkManifestLockResult.txt",
			);
			runOnlyForDeploymentPostprocessing = 0;
			shellPath = /bin/sh;
			shellScript = "diff \"${PODS_PODFILE_DIR_PATH}/Podfile.lock\" \"${PODS_ROOT}/Manifest.lock\" > /dev/null\nif [ $? != 0 ] ; then\n    # print error to STDERR\n    echo \"error: The sandbox is not in sync with the Podfile.lock. Run 'pod install' or update your CocoaPods installation.\" >&2\n    exit 1\nfi\n# This output is used by Xcode 'outputs' to avoid re-running this script phase.\necho \"SUCCESS\" > \"${SCRIPT_OUTPUT_FILE_0}\"\n";
			showEnvVarsInLog = 0;
		};
		FD10A7F022414F080027D42C /* Start Packager */ = {
			isa = PBXShellScriptBuildPhase;
			buildActionMask = 2147483647;
			files = (
			);
			inputFileListPaths = (
			);
			inputPaths = (
			);
			name = "Start Packager";
			outputFileListPaths = (
			);
			outputPaths = (
			);
			runOnlyForDeploymentPostprocessing = 0;
			shellPath = /bin/sh;
			shellScript = "export RCT_METRO_PORT=\"${RCT_METRO_PORT:=8081}\"\necho \"export RCT_METRO_PORT=${RCT_METRO_PORT}\" > \"${SRCROOT}/../node_modules/react-native/scripts/.packager.env\"\nif [ -z \"${RCT_NO_LAUNCH_PACKAGER+xxx}\" ] ; then\n  if nc -w 5 -z localhost ${RCT_METRO_PORT} ; then\n    if ! curl -s \"http://localhost:${RCT_METRO_PORT}/status\" | grep -q \"packager-status:running\" ; then\n      echo \"Port ${RCT_METRO_PORT} already in use, packager is either not running or not running correctly\"\n      exit 2\n    fi\n  else\n    open \"$SRCROOT/../node_modules/react-native/scripts/launchPackager.command\" || echo \"Can't start packager automatically\"\n  fi\nfi\n";
			showEnvVarsInLog = 0;
		};
/* End PBXShellScriptBuildPhase section */

/* Begin PBXSourcesBuildPhase section */
		13B07F871A680F5B00A75B9A /* Sources */ = {
			isa = PBXSourcesBuildPhase;
			buildActionMask = 2147483647;
			files = (
				13B07FBC1A68108700A75B9A /* AppDelegate.m in Sources */,
				63324AA4235C91A5008EBE35 /* File.swift in Sources */,
				13B07FC11A68108700A75B9A /* main.m in Sources */,
			);
			runOnlyForDeploymentPostprocessing = 0;
		};
/* End PBXSourcesBuildPhase section */

/* Begin PBXVariantGroup section */
		13B07FB11A68108700A75B9A /* LaunchScreen.xib */ = {
			isa = PBXVariantGroup;
			children = (
				13B07FB21A68108700A75B9A /* Base */,
			);
			name = LaunchScreen.xib;
			path = tiltClient;
			sourceTree = "<group>";
		};
/* End PBXVariantGroup section */

/* Begin XCBuildConfiguration section */
		13B07F941A680F5B00A75B9A /* Debug */ = {
			isa = XCBuildConfiguration;
			baseConfigurationReference = 9B04B1490C1D7BAB3D729BD6 /* Pods-tiltClient.debug.xcconfig */;
			buildSettings = {
				ASSETCATALOG_COMPILER_APPICON_NAME = AppIcon;
				CLANG_ENABLE_MODULES = YES;
				CURRENT_PROJECT_VERSION = 3;
				DEAD_CODE_STRIPPING = NO;
				DEVELOPMENT_TEAM = 337DR93H6B;
				INFOPLIST_FILE = tiltClient/Info.plist;
				LD_RUNPATH_SEARCH_PATHS = "$(inherited) @executable_path/Frameworks";
				MARKETING_VERSION = 1.1.0;
				OTHER_LDFLAGS = (
					"$(inherited)",
					"-ObjC",
					"-lc++",
				);
				PRODUCT_BUNDLE_IDENTIFIER = com.tiltClient;
				PRODUCT_NAME = tiltClient;
				SWIFT_OBJC_BRIDGING_HEADER = "tiltClient-Bridging-Header.h";
				SWIFT_OPTIMIZATION_LEVEL = "-Onone";
				SWIFT_VERSION = 5.0;
				VERSIONING_SYSTEM = "apple-generic";
			};
			name = Debug;
		};
		13B07F951A680F5B00A75B9A /* Release */ = {
			isa = XCBuildConfiguration;
			baseConfigurationReference = 09FD4C4E0B1339484EE3712A /* Pods-tiltClient.release.xcconfig */;
			buildSettings = {
				ASSETCATALOG_COMPILER_APPICON_NAME = AppIcon;
				CLANG_ENABLE_MODULES = YES;
				CURRENT_PROJECT_VERSION = 3;
				DEVELOPMENT_TEAM = 337DR93H6B;
				INFOPLIST_FILE = tiltClient/Info.plist;
				LD_RUNPATH_SEARCH_PATHS = "$(inherited) @executable_path/Frameworks";
				MARKETING_VERSION = 1.1.0;
				OTHER_LDFLAGS = (
					"$(inherited)",
					"-ObjC",
					"-lc++",
				);
				PRODUCT_BUNDLE_IDENTIFIER = com.tiltClient;
				PRODUCT_NAME = tiltClient;
				SWIFT_OBJC_BRIDGING_HEADER = "tiltClient-Bridging-Header.h";
				SWIFT_VERSION = 5.0;
				VERSIONING_SYSTEM = "apple-generic";
			};
			name = Release;
		};
		83CBBA201A601CBA00E9B192 /* Debug */ = {
			isa = XCBuildConfiguration;
			buildSettings = {
				ALWAYS_SEARCH_USER_PATHS = NO;
				CLANG_CXX_LANGUAGE_STANDARD = "gnu++0x";
				CLANG_CXX_LIBRARY = "libc++";
				CLANG_ENABLE_MODULES = YES;
				CLANG_ENABLE_OBJC_ARC = YES;
				CLANG_WARN_BLOCK_CAPTURE_AUTORELEASING = YES;
				CLANG_WARN_BOOL_CONVERSION = YES;
				CLANG_WARN_COMMA = YES;
				CLANG_WARN_CONSTANT_CONVERSION = YES;
				CLANG_WARN_DEPRECATED_OBJC_IMPLEMENTATIONS = YES;
				CLANG_WARN_DIRECT_OBJC_ISA_USAGE = YES_ERROR;
				CLANG_WARN_EMPTY_BODY = YES;
				CLANG_WARN_ENUM_CONVERSION = YES;
				CLANG_WARN_INFINITE_RECURSION = YES;
				CLANG_WARN_INT_CONVERSION = YES;
				CLANG_WARN_NON_LITERAL_NULL_CONVERSION = YES;
				CLANG_WARN_OBJC_IMPLICIT_RETAIN_SELF = YES;
				CLANG_WARN_OBJC_LITERAL_CONVERSION = YES;
				CLANG_WARN_OBJC_ROOT_CLASS = YES_ERROR;
				CLANG_WARN_RANGE_LOOP_ANALYSIS = YES;
				CLANG_WARN_STRICT_PROTOTYPES = YES;
				CLANG_WARN_SUSPICIOUS_MOVE = YES;
				CLANG_WARN_UNREACHABLE_CODE = YES;
				CLANG_WARN__DUPLICATE_METHOD_MATCH = YES;
				"CODE_SIGN_IDENTITY[sdk=iphoneos*]" = "iPhone Developer";
				COPY_PHASE_STRIP = NO;
				ENABLE_STRICT_OBJC_MSGSEND = YES;
				ENABLE_TESTABILITY = YES;
				GCC_C_LANGUAGE_STANDARD = gnu99;
				GCC_DYNAMIC_NO_PIC = NO;
				GCC_NO_COMMON_BLOCKS = YES;
				GCC_OPTIMIZATION_LEVEL = 0;
				GCC_PREPROCESSOR_DEFINITIONS = (
					"DEBUG=1",
					"$(inherited)",
				);
				GCC_SYMBOLS_PRIVATE_EXTERN = NO;
				GCC_WARN_64_TO_32_BIT_CONVERSION = YES;
				GCC_WARN_ABOUT_RETURN_TYPE = YES_ERROR;
				GCC_WARN_UNDECLARED_SELECTOR = YES;
				GCC_WARN_UNINITIALIZED_AUTOS = YES_AGGRESSIVE;
				GCC_WARN_UNUSED_FUNCTION = YES;
				GCC_WARN_UNUSED_VARIABLE = YES;
				IPHONEOS_DEPLOYMENT_TARGET = 9.0;
				MTL_ENABLE_DEBUG_INFO = YES;
				ONLY_ACTIVE_ARCH = YES;
				SDKROOT = iphoneos;
			};
			name = Debug;
		};
		83CBBA211A601CBA00E9B192 /* Release */ = {
			isa = XCBuildConfiguration;
			buildSettings = {
				ALWAYS_SEARCH_USER_PATHS = NO;
				CLANG_CXX_LANGUAGE_STANDARD = "gnu++0x";
				CLANG_CXX_LIBRARY = "libc++";
				CLANG_ENABLE_MODULES = YES;
				CLANG_ENABLE_OBJC_ARC = YES;
				CLANG_WARN_BLOCK_CAPTURE_AUTORELEASING = YES;
				CLANG_WARN_BOOL_CONVERSION = YES;
				CLANG_WARN_COMMA = YES;
				CLANG_WARN_CONSTANT_CONVERSION = YES;
				CLANG_WARN_DEPRECATED_OBJC_IMPLEMENTATIONS = YES;
				CLANG_WARN_DIRECT_OBJC_ISA_USAGE = YES_ERROR;
				CLANG_WARN_EMPTY_BODY = YES;
				CLANG_WARN_ENUM_CONVERSION = YES;
				CLANG_WARN_INFINITE_RECURSION = YES;
				CLANG_WARN_INT_CONVERSION = YES;
				CLANG_WARN_NON_LITERAL_NULL_CONVERSION = YES;
				CLANG_WARN_OBJC_IMPLICIT_RETAIN_SELF = YES;
				CLANG_WARN_OBJC_LITERAL_CONVERSION = YES;
				CLANG_WARN_OBJC_ROOT_CLASS = YES_ERROR;
				CLANG_WARN_RANGE_LOOP_ANALYSIS = YES;
				CLANG_WARN_STRICT_PROTOTYPES = YES;
				CLANG_WARN_SUSPICIOUS_MOVE = YES;
				CLANG_WARN_UNREACHABLE_CODE = YES;
				CLANG_WARN__DUPLICATE_METHOD_MATCH = YES;
				"CODE_SIGN_IDENTITY[sdk=iphoneos*]" = "iPhone Developer";
				COPY_PHASE_STRIP = YES;
				ENABLE_NS_ASSERTIONS = NO;
				ENABLE_STRICT_OBJC_MSGSEND = YES;
				GCC_C_LANGUAGE_STANDARD = gnu99;
				GCC_NO_COMMON_BLOCKS = YES;
				GCC_WARN_64_TO_32_BIT_CONVERSION = YES;
				GCC_WARN_ABOUT_RETURN_TYPE = YES_ERROR;
				GCC_WARN_UNDECLARED_SELECTOR = YES;
				GCC_WARN_UNINITIALIZED_AUTOS = YES_AGGRESSIVE;
				GCC_WARN_UNUSED_FUNCTION = YES;
				GCC_WARN_UNUSED_VARIABLE = YES;
				IPHONEOS_DEPLOYMENT_TARGET = 9.0;
				MTL_ENABLE_DEBUG_INFO = NO;
				SDKROOT = iphoneos;
				VALIDATE_PRODUCT = YES;
			};
			name = Release;
		};
/* End XCBuildConfiguration section */

/* Begin XCConfigurationList section */
		13B07F931A680F5B00A75B9A /* Build configuration list for PBXNativeTarget "tiltClient" */ = {
			isa = XCConfigurationList;
			buildConfigurations = (
				13B07F941A680F5B00A75B9A /* Debug */,
				13B07F951A680F5B00A75B9A /* Release */,
			);
			defaultConfigurationIsVisible = 0;
			defaultConfigurationName = Release;
		};
		83CBB9FA1A601CBA00E9B192 /* Build configuration list for PBXProject "tiltClient" */ = {
			isa = XCConfigurationList;
			buildConfigurations = (
				83CBBA201A601CBA00E9B192 /* Debug */,
				83CBBA211A601CBA00E9B192 /* Release */,
			);
			defaultConfigurationIsVisible = 0;
			defaultConfigurationName = Release;
		};
/* End XCConfigurationList section */
	};
	rootObject = 83CBB9F71A601CBA00E9B192 /* Project object */;
}
